// !$*UTF8*$!
{
	archiveVersion = 1;
	classes = {
	};
	objectVersion = 70;
	objects = {

/* Begin PBXBuildFile section */
		7F70DAA82BE535F800E5A503 /* MemorizeApp.swift in Sources */ = {isa = PBXBuildFile; fileRef = 7F70DAA72BE535F800E5A503 /* MemorizeApp.swift */; };
		7F70DAAA2BE535F800E5A503 /* EmojiMemoryGameView.swift in Sources */ = {isa = PBXBuildFile; fileRef = 7F70DAA92BE535F800E5A503 /* EmojiMemoryGameView.swift */; };
		7F70DAAC2BE535F900E5A503 /* Assets.xcassets in Resources */ = {isa = PBXBuildFile; fileRef = 7F70DAAB2BE535F900E5A503 /* Assets.xcassets */; };
		7F70DAAF2BE535F900E5A503 /* Preview Assets.xcassets in Resources */ = {isa = PBXBuildFile; fileRef = 7F70DAAE2BE535F900E5A503 /* Preview Assets.xcassets */; };
		7F70DAB62BE91F1100E5A503 /* MemoryGame.swift in Sources */ = {isa = PBXBuildFile; fileRef = 7F70DAB52BE91F1100E5A503 /* MemoryGame.swift */; };
		7F70DABA2BE9230B00E5A503 /* EmojiMemoryGame.swift in Sources */ = {isa = PBXBuildFile; fileRef = 7F70DAB92BE9230B00E5A503 /* EmojiMemoryGame.swift */; };
		7F70DABC2BEFBBC400E5A503 /* Grid.swift in Sources */ = {isa = PBXBuildFile; fileRef = 7F70DABB2BEFBBC400E5A503 /* Grid.swift */; };
		7F70DAC02BF10E4E00E5A503 /* GridLayout.swift in Sources */ = {isa = PBXBuildFile; fileRef = 7F70DABF2BF10E4E00E5A503 /* GridLayout.swift */; };
		7F70DAC22BF2561C00E5A503 /* Array + Identifiable.swift in Sources */ = {isa = PBXBuildFile; fileRef = 7F70DAC12BF2561C00E5A503 /* Array + Identifiable.swift */; };
		7F74FCE52BF936EC009DFA6C /* Pie.swift in Sources */ = {isa = PBXBuildFile; fileRef = 7F74FCE42BF936EC009DFA6C /* Pie.swift */; };
		7F74FCE72BFAE183009DFA6C /* Cardify.swift in Sources */ = {isa = PBXBuildFile; fileRef = 7F74FCE62BFAE183009DFA6C /* Cardify.swift */; };
		7F9225B02C7E03200034C7CA /* AspectVGrid.swift in Sources */ = {isa = PBXBuildFile; fileRef = 7F9225AF2C7E03200034C7CA /* AspectVGrid.swift */; };
		7FA8A38A2C8353ED0035E211 /* FlyingNumber.swift in Sources */ = {isa = PBXBuildFile; fileRef = 7FA8A3892C8353ED0035E211 /* FlyingNumber.swift */; };
/* End PBXBuildFile section */

/* Begin PBXContainerItemProxy section */
		7F4324912DEA4B0D00FF71F1 /* PBXContainerItemProxy */ = {
			isa = PBXContainerItemProxy;
			containerPortal = 7F70DA9C2BE535F800E5A503 /* Project object */;
			proxyType = 1;
			remoteGlobalIDString = 7F70DAA32BE535F800E5A503;
			remoteInfo = Memorize;
		};
/* End PBXContainerItemProxy section */

/* Begin PBXFileReference section */
		7F43248D2DEA4B0D00FF71F1 /* MemorizeTests.xctest */ = {isa = PBXFileReference; explicitFileType = wrapper.cfbundle; includeInIndex = 0; path = MemorizeTests.xctest; sourceTree = BUILT_PRODUCTS_DIR; };
		7F70DAA42BE535F800E5A503 /* MemorizeStanTest.app */ = {isa = PBXFileReference; explicitFileType = wrapper.application; includeInIndex = 0; path = MemorizeStanTest.app; sourceTree = BUILT_PRODUCTS_DIR; };
		7F70DAA72BE535F800E5A503 /* MemorizeApp.swift */ = {isa = PBXFileReference; lastKnownFileType = sourcecode.swift; path = MemorizeApp.swift; sourceTree = "<group>"; };
		7F70DAA92BE535F800E5A503 /* EmojiMemoryGameView.swift */ = {isa = PBXFileReference; lastKnownFileType = sourcecode.swift; path = EmojiMemoryGameView.swift; sourceTree = "<group>"; };
		7F70DAAB2BE535F900E5A503 /* Assets.xcassets */ = {isa = PBXFileReference; lastKnownFileType = folder.assetcatalog; path = Assets.xcassets; sourceTree = "<group>"; };
		7F70DAAE2BE535F900E5A503 /* Preview Assets.xcassets */ = {isa = PBXFileReference; lastKnownFileType = folder.assetcatalog; path = "Preview Assets.xcassets"; sourceTree = "<group>"; };
		7F70DAB52BE91F1100E5A503 /* MemoryGame.swift */ = {isa = PBXFileReference; lastKnownFileType = sourcecode.swift; path = MemoryGame.swift; sourceTree = SOURCE_ROOT; };
		7F70DAB92BE9230B00E5A503 /* EmojiMemoryGame.swift */ = {isa = PBXFileReference; lastKnownFileType = sourcecode.swift; path = EmojiMemoryGame.swift; sourceTree = "<group>"; };
		7F70DABB2BEFBBC400E5A503 /* Grid.swift */ = {isa = PBXFileReference; lastKnownFileType = sourcecode.swift; path = Grid.swift; sourceTree = "<group>"; };
		7F70DABF2BF10E4E00E5A503 /* GridLayout.swift */ = {isa = PBXFileReference; lastKnownFileType = sourcecode.swift; path = GridLayout.swift; sourceTree = "<group>"; };
		7F70DAC12BF2561C00E5A503 /* Array + Identifiable.swift */ = {isa = PBXFileReference; lastKnownFileType = sourcecode.swift; path = "Array + Identifiable.swift"; sourceTree = "<group>"; };
		7F74FCE42BF936EC009DFA6C /* Pie.swift */ = {isa = PBXFileReference; lastKnownFileType = sourcecode.swift; path = Pie.swift; sourceTree = "<group>"; };
		7F74FCE62BFAE183009DFA6C /* Cardify.swift */ = {isa = PBXFileReference; lastKnownFileType = sourcecode.swift; path = Cardify.swift; sourceTree = "<group>"; };
		7F9225AF2C7E03200034C7CA /* AspectVGrid.swift */ = {isa = PBXFileReference; lastKnownFileType = sourcecode.swift; path = AspectVGrid.swift; sourceTree = "<group>"; };
		7FA8A3892C8353ED0035E211 /* FlyingNumber.swift */ = {isa = PBXFileReference; lastKnownFileType = sourcecode.swift; path = FlyingNumber.swift; sourceTree = "<group>"; };
/* End PBXFileReference section */

/* Begin PBXFileSystemSynchronizedRootGroup section */
		7F43248E2DEA4B0D00FF71F1 /* MemorizeTests */ = {isa = PBXFileSystemSynchronizedRootGroup; explicitFileTypes = {}; explicitFolders = (); path = MemorizeTests; sourceTree = "<group>"; };
/* End PBXFileSystemSynchronizedRootGroup section */

/* Begin PBXFrameworksBuildPhase section */
		7F43248A2DEA4B0D00FF71F1 /* Frameworks */ = {
			isa = PBXFrameworksBuildPhase;
			buildActionMask = 2147483647;
			files = (
			);
			runOnlyForDeploymentPostprocessing = 0;
		};
		7F70DAA12BE535F800E5A503 /* Frameworks */ = {
			isa = PBXFrameworksBuildPhase;
			buildActionMask = 2147483647;
			files = (
			);
			runOnlyForDeploymentPostprocessing = 0;
		};
/* End PBXFrameworksBuildPhase section */

/* Begin PBXGroup section */
		7F70DA9B2BE535F800E5A503 = {
			isa = PBXGroup;
			children = (
				7F70DAA62BE535F800E5A503 /* Memorize */,
				7F43248E2DEA4B0D00FF71F1 /* MemorizeTests */,
				7F70DAA52BE535F800E5A503 /* Products */,
			);
			sourceTree = "<group>";
		};
		7F70DAA52BE535F800E5A503 /* Products */ = {
			isa = PBXGroup;
			children = (
				7F70DAA42BE535F800E5A503 /* MemorizeStanTest.app */,
				7F43248D2DEA4B0D00FF71F1 /* MemorizeTests.xctest */,
			);
			name = Products;
			sourceTree = "<group>";
		};
		7F70DAA62BE535F800E5A503 /* Memorize */ = {
			isa = PBXGroup;
			children = (
				7F70DAA72BE535F800E5A503 /* MemorizeApp.swift */,
				7F70DAA92BE535F800E5A503 /* EmojiMemoryGameView.swift */,
				7FA8A3892C8353ED0035E211 /* FlyingNumber.swift */,
				7F74FCE62BFAE183009DFA6C /* Cardify.swift */,
				7F74FCE42BF936EC009DFA6C /* Pie.swift */,
				7F70DAB52BE91F1100E5A503 /* MemoryGame.swift */,
				7F70DABB2BEFBBC400E5A503 /* Grid.swift */,
				7F70DAC12BF2561C00E5A503 /* Array + Identifiable.swift */,
				7F70DABF2BF10E4E00E5A503 /* GridLayout.swift */,
				7F9225AF2C7E03200034C7CA /* AspectVGrid.swift */,
				7F70DAB92BE9230B00E5A503 /* EmojiMemoryGame.swift */,
				7F70DAAB2BE535F900E5A503 /* Assets.xcassets */,
				7F70DAAD2BE535F900E5A503 /* Preview Content */,
			);
			path = Memorize;
			sourceTree = "<group>";
		};
		7F70DAAD2BE535F900E5A503 /* Preview Content */ = {
			isa = PBXGroup;
			children = (
				7F70DAAE2BE535F900E5A503 /* Preview Assets.xcassets */,
			);
			path = "Preview Content";
			sourceTree = "<group>";
		};
/* End PBXGroup section */

/* Begin PBXNativeTarget section */
		7F43248C2DEA4B0D00FF71F1 /* MemorizeTests */ = {
			isa = PBXNativeTarget;
			buildConfigurationList = 7F4324952DEA4B0D00FF71F1 /* Build configuration list for PBXNativeTarget "MemorizeTests" */;
			buildPhases = (
				7F4324892DEA4B0D00FF71F1 /* Sources */,
				7F43248A2DEA4B0D00FF71F1 /* Frameworks */,
				7F43248B2DEA4B0D00FF71F1 /* Resources */,
			);
			buildRules = (
			);
			dependencies = (
				7F4324922DEA4B0D00FF71F1 /* PBXTargetDependency */,
			);
			fileSystemSynchronizedGroups = (
				7F43248E2DEA4B0D00FF71F1 /* MemorizeTests */,
			);
			name = MemorizeTests;
			packageProductDependencies = (
			);
			productName = MemorizeTests;
			productReference = 7F43248D2DEA4B0D00FF71F1 /* MemorizeTests.xctest */;
			productType = "com.apple.product-type.bundle.unit-test";
		};
		7F70DAA32BE535F800E5A503 /* MemorizeStanTest */ = {
			isa = PBXNativeTarget;
			buildConfigurationList = 7F70DAB22BE535F900E5A503 /* Build configuration list for PBXNativeTarget "MemorizeStanTest" */;
			buildPhases = (
				7F70DAA02BE535F800E5A503 /* Sources */,
				7F70DAA12BE535F800E5A503 /* Frameworks */,
				7F70DAA22BE535F800E5A503 /* Resources */,
			);
			buildRules = (
			);
			dependencies = (
			);
			name = MemorizeStanTest;
			productName = Memorize;
			productReference = 7F70DAA42BE535F800E5A503 /* MemorizeStanTest.app */;
			productType = "com.apple.product-type.application";
		};
/* End PBXNativeTarget section */

/* Begin PBXProject section */
		7F70DA9C2BE535F800E5A503 /* Project object */ = {
			isa = PBXProject;
			attributes = {
				BuildIndependentTargetsInParallel = 1;
				LastSwiftUpdateCheck = 1630;
				LastUpgradeCheck = 1520;
				TargetAttributes = {
					7F43248C2DEA4B0D00FF71F1 = {
						CreatedOnToolsVersion = 16.3;
						TestTargetID = 7F70DAA32BE535F800E5A503;
					};
					7F70DAA32BE535F800E5A503 = {
						CreatedOnToolsVersion = 15.2;
					};
				};
			};
			buildConfigurationList = 7F70DA9F2BE535F800E5A503 /* Build configuration list for PBXProject "Memorize" */;
			compatibilityVersion = "Xcode 14.0";
			developmentRegion = en;
			hasScannedForEncodings = 0;
			knownRegions = (
				en,
				Base,
			);
			mainGroup = 7F70DA9B2BE535F800E5A503;
			productRefGroup = 7F70DAA52BE535F800E5A503 /* Products */;
			projectDirPath = "";
			projectRoot = "";
			targets = (
				7F70DAA32BE535F800E5A503 /* MemorizeStanTest */,
				7F43248C2DEA4B0D00FF71F1 /* MemorizeTests */,
			);
		};
/* End PBXProject section */

/* Begin PBXResourcesBuildPhase section */
		7F43248B2DEA4B0D00FF71F1 /* Resources */ = {
			isa = PBXResourcesBuildPhase;
			buildActionMask = 2147483647;
			files = (
			);
			runOnlyForDeploymentPostprocessing = 0;
		};
		7F70DAA22BE535F800E5A503 /* Resources */ = {
			isa = PBXResourcesBuildPhase;
			buildActionMask = 2147483647;
			files = (
				7F70DAAF2BE535F900E5A503 /* Preview Assets.xcassets in Resources */,
				7F70DAAC2BE535F900E5A503 /* Assets.xcassets in Resources */,
			);
			runOnlyForDeploymentPostprocessing = 0;
		};
/* End PBXResourcesBuildPhase section */

/* Begin PBXSourcesBuildPhase section */
		7F4324892DEA4B0D00FF71F1 /* Sources */ = {
			isa = PBXSourcesBuildPhase;
			buildActionMask = 2147483647;
			files = (
			);
			runOnlyForDeploymentPostprocessing = 0;
		};
		7F70DAA02BE535F800E5A503 /* Sources */ = {
			isa = PBXSourcesBuildPhase;
			buildActionMask = 2147483647;
			files = (
				7F70DAB62BE91F1100E5A503 /* MemoryGame.swift in Sources */,
				7F70DAAA2BE535F800E5A503 /* EmojiMemoryGameView.swift in Sources */,
				7F74FCE52BF936EC009DFA6C /* Pie.swift in Sources */,
				7F74FCE72BFAE183009DFA6C /* Cardify.swift in Sources */,
				7F70DAC22BF2561C00E5A503 /* Array + Identifiable.swift in Sources */,
				7FA8A38A2C8353ED0035E211 /* FlyingNumber.swift in Sources */,
				7F70DAA82BE535F800E5A503 /* MemorizeApp.swift in Sources */,
				7F70DAC02BF10E4E00E5A503 /* GridLayout.swift in Sources */,
				7F70DABC2BEFBBC400E5A503 /* Grid.swift in Sources */,
				7F9225B02C7E03200034C7CA /* AspectVGrid.swift in Sources */,
				7F70DABA2BE9230B00E5A503 /* EmojiMemoryGame.swift in Sources */,
			);
			runOnlyForDeploymentPostprocessing = 0;
		};
/* End PBXSourcesBuildPhase section */

/* Begin PBXTargetDependency section */
		7F4324922DEA4B0D00FF71F1 /* PBXTargetDependency */ = {
			isa = PBXTargetDependency;
			target = 7F70DAA32BE535F800E5A503 /* MemorizeStanTest */;
			targetProxy = 7F4324912DEA4B0D00FF71F1 /* PBXContainerItemProxy */;
		};
/* End PBXTargetDependency section */

/* Begin XCBuildConfiguration section */
		7F4324932DEA4B0D00FF71F1 /* Debug */ = {
			isa = XCBuildConfiguration;
			buildSettings = {
				BUNDLE_LOADER = "$(TEST_HOST)";
				CODE_SIGN_STYLE = Automatic;
				CURRENT_PROJECT_VERSION = 1;
				DEVELOPMENT_TEAM = 8TWF2FFLTQ;
				GENERATE_INFOPLIST_FILE = YES;
				IPHONEOS_DEPLOYMENT_TARGET = 18.4;
				MARKETING_VERSION = 1.0;
				PRODUCT_BUNDLE_IDENTIFIER = pedrolarry.MemorizeTests;
				PRODUCT_NAME = "$(TARGET_NAME)";
				SWIFT_EMIT_LOC_STRINGS = NO;
				SWIFT_VERSION = 5.0;
				TARGETED_DEVICE_FAMILY = "1,2";
				TEST_HOST = "$(BUILT_PRODUCTS_DIR)/MemorizeStanTest.app/$(BUNDLE_EXECUTABLE_FOLDER_PATH)/MemorizeStanTest";
			};
			name = Debug;
		};
		7F4324942DEA4B0D00FF71F1 /* Release */ = {
			isa = XCBuildConfiguration;
			buildSettings = {
				BUNDLE_LOADER = "$(TEST_HOST)";
				CODE_SIGN_STYLE = Automatic;
				CURRENT_PROJECT_VERSION = 1;
				DEVELOPMENT_TEAM = 8TWF2FFLTQ;
				GENERATE_INFOPLIST_FILE = YES;
				IPHONEOS_DEPLOYMENT_TARGET = 18.4;
				MARKETING_VERSION = 1.0;
				PRODUCT_BUNDLE_IDENTIFIER = pedrolarry.MemorizeTests;
				PRODUCT_NAME = "$(TARGET_NAME)";
				SWIFT_EMIT_LOC_STRINGS = NO;
				SWIFT_VERSION = 5.0;
				TARGETED_DEVICE_FAMILY = "1,2";
				TEST_HOST = "$(BUILT_PRODUCTS_DIR)/MemorizeStanTest.app/$(BUNDLE_EXECUTABLE_FOLDER_PATH)/MemorizeStanTest";
			};
			name = Release;
		};
		7F70DAB02BE535F900E5A503 /* Debug */ = {
			isa = XCBuildConfiguration;
			buildSettings = {
				ALWAYS_SEARCH_USER_PATHS = NO;
				ASSETCATALOG_COMPILER_GENERATE_SWIFT_ASSET_SYMBOL_EXTENSIONS = YES;
				CLANG_ANALYZER_NONNULL = YES;
				CLANG_ANALYZER_NUMBER_OBJECT_CONVERSION = YES_AGGRESSIVE;
				CLANG_CXX_LANGUAGE_STANDARD = "gnu++20";
				CLANG_ENABLE_MODULES = YES;
				CLANG_ENABLE_OBJC_ARC = YES;
				CLANG_ENABLE_OBJC_WEAK = YES;
				CLANG_WARN_BLOCK_CAPTURE_AUTORELEASING = YES;
				CLANG_WARN_BOOL_CONVERSION = YES;
				CLANG_WARN_COMMA = YES;
				CLANG_WARN_CONSTANT_CONVERSION = YES;
				CLANG_WARN_DEPRECATED_OBJC_IMPLEMENTATIONS = YES;
				CLANG_WARN_DIRECT_OBJC_ISA_USAGE = YES_ERROR;
				CLANG_WARN_DOCUMENTATION_COMMENTS = YES;
				CLANG_WARN_EMPTY_BODY = YES;
				CLANG_WARN_ENUM_CONVERSION = YES;
				CLANG_WARN_INFINITE_RECURSION = YES;
				CLANG_WARN_INT_CONVERSION = YES;
				CLANG_WARN_NON_LITERAL_NULL_CONVERSION = YES;
				CLANG_WARN_OBJC_IMPLICIT_RETAIN_SELF = YES;
				CLANG_WARN_OBJC_LITERAL_CONVERSION = YES;
				CLANG_WARN_OBJC_ROOT_CLASS = YES_ERROR;
				CLANG_WARN_QUOTED_INCLUDE_IN_FRAMEWORK_HEADER = YES;
				CLANG_WARN_RANGE_LOOP_ANALYSIS = YES;
				CLANG_WARN_STRICT_PROTOTYPES = YES;
				CLANG_WARN_SUSPICIOUS_MOVE = YES;
				CLANG_WARN_UNGUARDED_AVAILABILITY = YES_AGGRESSIVE;
				CLANG_WARN_UNREACHABLE_CODE = YES;
				CLANG_WARN__DUPLICATE_METHOD_MATCH = YES;
				COPY_PHASE_STRIP = NO;
				DEBUG_INFORMATION_FORMAT = dwarf;
				ENABLE_STRICT_OBJC_MSGSEND = YES;
				ENABLE_TESTABILITY = YES;
				ENABLE_USER_SCRIPT_SANDBOXING = YES;
				GCC_C_LANGUAGE_STANDARD = gnu17;
				GCC_DYNAMIC_NO_PIC = NO;
				GCC_NO_COMMON_BLOCKS = YES;
				GCC_OPTIMIZATION_LEVEL = 0;
				GCC_PREPROCESSOR_DEFINITIONS = (
					"DEBUG=1",
					"$(inherited)",
				);
				GCC_WARN_64_TO_32_BIT_CONVERSION = YES;
				GCC_WARN_ABOUT_RETURN_TYPE = YES_ERROR;
				GCC_WARN_UNDECLARED_SELECTOR = YES;
				GCC_WARN_UNINITIALIZED_AUTOS = YES_AGGRESSIVE;
				GCC_WARN_UNUSED_FUNCTION = YES;
				GCC_WARN_UNUSED_VARIABLE = YES;
				IPHONEOS_DEPLOYMENT_TARGET = 17.2;
				LOCALIZATION_PREFERS_STRING_CATALOGS = YES;
				MTL_ENABLE_DEBUG_INFO = INCLUDE_SOURCE;
				MTL_FAST_MATH = YES;
				ONLY_ACTIVE_ARCH = YES;
				SDKROOT = iphoneos;
				SWIFT_ACTIVE_COMPILATION_CONDITIONS = "DEBUG $(inherited)";
				SWIFT_OPTIMIZATION_LEVEL = "-Onone";
			};
			name = Debug;
		};
		7F70DAB12BE535F900E5A503 /* Release */ = {
			isa = XCBuildConfiguration;
			buildSettings = {
				ALWAYS_SEARCH_USER_PATHS = NO;
				ASSETCATALOG_COMPILER_GENERATE_SWIFT_ASSET_SYMBOL_EXTENSIONS = YES;
				CLANG_ANALYZER_NONNULL = YES;
				CLANG_ANALYZER_NUMBER_OBJECT_CONVERSION = YES_AGGRESSIVE;
				CLANG_CXX_LANGUAGE_STANDARD = "gnu++20";
				CLANG_ENABLE_MODULES = YES;
				CLANG_ENABLE_OBJC_ARC = YES;
				CLANG_ENABLE_OBJC_WEAK = YES;
				CLANG_WARN_BLOCK_CAPTURE_AUTORELEASING = YES;
				CLANG_WARN_BOOL_CONVERSION = YES;
				CLANG_WARN_COMMA = YES;
				CLANG_WARN_CONSTANT_CONVERSION = YES;
				CLANG_WARN_DEPRECATED_OBJC_IMPLEMENTATIONS = YES;
				CLANG_WARN_DIRECT_OBJC_ISA_USAGE = YES_ERROR;
				CLANG_WARN_DOCUMENTATION_COMMENTS = YES;
				CLANG_WARN_EMPTY_BODY = YES;
				CLANG_WARN_ENUM_CONVERSION = YES;
				CLANG_WARN_INFINITE_RECURSION = YES;
				CLANG_WARN_INT_CONVERSION = YES;
				CLANG_WARN_NON_LITERAL_NULL_CONVERSION = YES;
				CLANG_WARN_OBJC_IMPLICIT_RETAIN_SELF = YES;
				CLANG_WARN_OBJC_LITERAL_CONVERSION = YES;
				CLANG_WARN_OBJC_ROOT_CLASS = YES_ERROR;
				CLANG_WARN_QUOTED_INCLUDE_IN_FRAMEWORK_HEADER = YES;
				CLANG_WARN_RANGE_LOOP_ANALYSIS = YES;
				CLANG_WARN_STRICT_PROTOTYPES = YES;
				CLANG_WARN_SUSPICIOUS_MOVE = YES;
				CLANG_WARN_UNGUARDED_AVAILABILITY = YES_AGGRESSIVE;
				CLANG_WARN_UNREACHABLE_CODE = YES;
				CLANG_WARN__DUPLICATE_METHOD_MATCH = YES;
				COPY_PHASE_STRIP = NO;
				DEBUG_INFORMATION_FORMAT = "dwarf-with-dsym";
				ENABLE_NS_ASSERTIONS = NO;
				ENABLE_STRICT_OBJC_MSGSEND = YES;
				ENABLE_USER_SCRIPT_SANDBOXING = YES;
				GCC_C_LANGUAGE_STANDARD = gnu17;
				GCC_NO_COMMON_BLOCKS = YES;
				GCC_WARN_64_TO_32_BIT_CONVERSION = YES;
				GCC_WARN_ABOUT_RETURN_TYPE = YES_ERROR;
				GCC_WARN_UNDECLARED_SELECTOR = YES;
				GCC_WARN_UNINITIALIZED_AUTOS = YES_AGGRESSIVE;
				GCC_WARN_UNUSED_FUNCTION = YES;
				GCC_WARN_UNUSED_VARIABLE = YES;
				IPHONEOS_DEPLOYMENT_TARGET = 17.2;
				LOCALIZATION_PREFERS_STRING_CATALOGS = YES;
				MTL_ENABLE_DEBUG_INFO = NO;
				MTL_FAST_MATH = YES;
				SDKROOT = iphoneos;
				SWIFT_COMPILATION_MODE = wholemodule;
				VALIDATE_PRODUCT = YES;
			};
			name = Release;
		};
		7F70DAB32BE535F900E5A503 /* Debug */ = {
			isa = XCBuildConfiguration;
			buildSettings = {
				ASSETCATALOG_COMPILER_APPICON_NAME = AppIcon;
				ASSETCATALOG_COMPILER_GLOBAL_ACCENT_COLOR_NAME = AccentColor;
				CODE_SIGN_STYLE = Automatic;
				CURRENT_PROJECT_VERSION = 1;
				DEVELOPMENT_ASSET_PATHS = "\"Memorize/Preview Content\"";
				DEVELOPMENT_TEAM = 8TWF2FFLTQ;
				ENABLE_PREVIEWS = YES;
				GENERATE_INFOPLIST_FILE = YES;
				INFOPLIST_KEY_UIApplicationSceneManifest_Generation = YES;
				INFOPLIST_KEY_UIApplicationSupportsIndirectInputEvents = YES;
				INFOPLIST_KEY_UILaunchScreen_Generation = YES;
				INFOPLIST_KEY_UISupportedInterfaceOrientations_iPad = "UIInterfaceOrientationPortrait UIInterfaceOrientationPortraitUpsideDown UIInterfaceOrientationLandscapeLeft UIInterfaceOrientationLandscapeRight";
				INFOPLIST_KEY_UISupportedInterfaceOrientations_iPhone = "UIInterfaceOrientationPortrait UIInterfaceOrientationLandscapeLeft UIInterfaceOrientationLandscapeRight";
				LD_RUNPATH_SEARCH_PATHS = (
					"$(inherited)",
					"@executable_path/Frameworks",
				);
				MARKETING_VERSION = 1.0;
				PRODUCT_BUNDLE_IDENTIFIER = pedrolarry.Memorize;
				PRODUCT_NAME = "$(TARGET_NAME)";
				SWIFT_EMIT_LOC_STRINGS = YES;
				SWIFT_VERSION = 5.0;
				TARGETED_DEVICE_FAMILY = "1,2";
			};
			name = Debug;
		};
		7F70DAB42BE535F900E5A503 /* Release */ = {
			isa = XCBuildConfiguration;
			buildSettings = {
				ASSETCATALOG_COMPILER_APPICON_NAME = AppIcon;
				ASSETCATALOG_COMPILER_GLOBAL_ACCENT_COLOR_NAME = AccentColor;
				CODE_SIGN_STYLE = Automatic;
				CURRENT_PROJECT_VERSION = 1;
				DEVELOPMENT_ASSET_PATHS = "\"Memorize/Preview Content\"";
				DEVELOPMENT_TEAM = 8TWF2FFLTQ;
				ENABLE_PREVIEWS = YES;
				GENERATE_INFOPLIST_FILE = YES;
				INFOPLIST_KEY_UIApplicationSceneManifest_Generation = YES;
				INFOPLIST_KEY_UIApplicationSupportsIndirectInputEvents = YES;
				INFOPLIST_KEY_UILaunchScreen_Generation = YES;
				INFOPLIST_KEY_UISupportedInterfaceOrientations_iPad = "UIInterfaceOrientationPortrait UIInterfaceOrientationPortraitUpsideDown UIInterfaceOrientationLandscapeLeft UIInterfaceOrientationLandscapeRight";
				INFOPLIST_KEY_UISupportedInterfaceOrientations_iPhone = "UIInterfaceOrientationPortrait UIInterfaceOrientationLandscapeLeft UIInterfaceOrientationLandscapeRight";
				LD_RUNPATH_SEARCH_PATHS = (
					"$(inherited)",
					"@executable_path/Frameworks",
				);
				MARKETING_VERSION = 1.0;
				PRODUCT_BUNDLE_IDENTIFIER = pedrolarry.Memorize;
				PRODUCT_NAME = "$(TARGET_NAME)";
				SWIFT_EMIT_LOC_STRINGS = YES;
				SWIFT_VERSION = 5.0;
				TARGETED_DEVICE_FAMILY = "1,2";
			};
			name = Release;
		};
/* End XCBuildConfiguration section */

/* Begin XCConfigurationList section */
		7F4324952DEA4B0D00FF71F1 /* Build configuration list for PBXNativeTarget "MemorizeTests" */ = {
			isa = XCConfigurationList;
			buildConfigurations = (
				7F4324932DEA4B0D00FF71F1 /* Debug */,
				7F4324942DEA4B0D00FF71F1 /* Release */,
			);
			defaultConfigurationIsVisible = 0;
			defaultConfigurationName = Release;
		};
		7F70DA9F2BE535F800E5A503 /* Build configuration list for PBXProject "Memorize" */ = {
			isa = XCConfigurationList;
			buildConfigurations = (
				7F70DAB02BE535F900E5A503 /* Debug */,
				7F70DAB12BE535F900E5A503 /* Release */,
			);
			defaultConfigurationIsVisible = 0;
			defaultConfigurationName = Release;
		};
		7F70DAB22BE535F900E5A503 /* Build configuration list for PBXNativeTarget "MemorizeStanTest" */ = {
			isa = XCConfigurationList;
			buildConfigurations = (
				7F70DAB32BE535F900E5A503 /* Debug */,
				7F70DAB42BE535F900E5A503 /* Release */,
			);
			defaultConfigurationIsVisible = 0;
			defaultConfigurationName = Release;
		};
/* End XCConfigurationList section */
	};
	rootObject = 7F70DA9C2BE535F800E5A503 /* Project object */;
}
